<?xml version="1.0" encoding="utf-8"?>
<Project ToolsVersion="4.0" xmlns="http://schemas.microsoft.com/developer/msbuild/2003">
  <ItemGroup>
    <Filter Include="源文件">
      <UniqueIdentifier>{4FC737F1-C7A5-4376-A066-2A32D752A2FF}</UniqueIdentifier>
      <Extensions>cpp;c;cc;cxx;c++;cppm;ixx;def;odl;idl;hpj;bat;asm;asmx</Extensions>
    </Filter>
    <Filter Include="头文件">
      <UniqueIdentifier>{93995380-89BD-4b04-88EB-625FBE52EBFB}</UniqueIdentifier>
      <Extensions>h;hh;hpp;hxx;h++;hm;inl;inc;ipp;xsd</Extensions>
    </Filter>
    <Filter Include="资源文件">
      <UniqueIdentifier>{67DA6AB6-F800-4c08-8B7A-83BB121AAD01}</UniqueIdentifier>
      <Extensions>rc;ico;cur;bmp;dlg;rc2;rct;bin;rgs;gif;jpg;jpeg;jpe;resx;tiff;tif;png;wav;mfcribbon-ms</Extensions>
    </Filter>
  </ItemGroup>
  <ItemGroup>
    <ClCompile Include="main.cpp">
      <Filter>源文件</Filter>
    </ClCompile>
    <ClCompile Include="FASTAparser.cpp">
      <Filter>源文件</Filter>
    </ClCompile>
    <ClCompile Include="Tool.cpp">
      <Filter>源文件</Filter>
    </ClCompile>
    <ClCompile Include="Aligner.cpp">
      <Filter>源文件</Filter>
    </ClCompile>
    <ClCompile Include="DNAsequence.cpp">
      <Filter>源文件</Filter>
    </ClCompile>
    <ClCompile Include="FileSaver.cpp">
      <Filter>源文件</Filter>
    </ClCompile>
    <ClCompile Include="CSVLoader.cpp">
      <Filter>源文件</Filter>
    </ClCompile>
    <ClCompile Include="Normalizer.cpp">
      <Filter>源文件</Filter>
    </ClCompile>
    <ClCompile Include="DESeq2Analyzer.cpp">
      <Filter>源文件</Filter>
    </ClCompile>
    <ClCompile Include="ResultLoader.cpp">
      <Filter>源文件</Filter>
    </ClCompile>
    <ClCompile Include="Painter.cpp">
      <Filter>源文件</Filter>
    </ClCompile>
  </ItemGroup>
  <ItemGroup>
    <ClInclude Include="DNAsequence.h">
      <Filter>头文件</Filter>
    </ClInclude>
    <ClInclude Include="FASTAparser.h">
      <Filter>头文件</Filter>
    </ClInclude>
    <ClInclude Include="AlignmentResult.h">
      <Filter>头文件</Filter>
    </ClInclude>
    <ClInclude Include="Aligner.h">
      <Filter>头文件</Filter>
    </ClInclude>
    <ClInclude Include="Tool.h">
      <Filter>头文件</Filter>
    </ClInclude>
    <ClInclude Include="FileSaver.h">
      <Filter>头文件</Filter>
    </ClInclude>
    <ClInclude Include="CountData.h">
      <Filter>头文件</Filter>
    </ClInclude>
    <ClInclude Include="DESeq2Result.h">
      <Filter>头文件</Filter>
    </ClInclude>
    <ClInclude Include="CSVLoader.h">
      <Filter>头文件</Filter>
    </ClInclude>
    <ClInclude Include="Normalizer.h">
      <Filter>头文件</Filter>
    </ClInclude>
    <ClInclude Include="DESeq2Analyzer.h">
      <Filter>头文件</Filter>
    </ClInclude>
    <ClInclude Include="ResultLoader.h">
      <Filter>头文件</Filter>
    </ClInclude>
    <ClInclude Include="Painter.h">
      <Filter>头文件</Filter>
    </ClInclude>
  </ItemGroup>
</Project>